
Microsoft Visual Studio Solution File, Format Version 12.00
# Visual Studio Version 16
VisualStudioVersion = 16.0.30611.23
MinimumVisualStudioVersion = 10.0.40219.1
Project("{FAE04EC0-301F-11D3-BF4B-00C04F79EFBC}") = "ApplicationTest", "ApplicationTest\ApplicationTest.csproj", "{632A6296-67B1-4284-8083-90624E7774DD}"
EndProject
Global
	GlobalSection(SolutionConfigurationPlatforms) = preSolution
		Debug|Any CPU = Debug|Any CPU
		Release|Any CPU = Release|Any CPU
	EndGlobalSection
	GlobalSection(ProjectConfigurationPlatforms) = postSolution
		{632A6296-67B1-4284-8083-90624E7774DD}.Debug|Any CPU.ActiveCfg = Debug|Any CPU
		{632A6296-67B1-4284-8083-90624E7774DD}.Debug|Any CPU.Build.0 = Debug|Any CPU
		{632A6296-67B1-4284-8083-90624E7774DD}.Release|Any CPU.ActiveCfg = Release|Any CPU
		{632A6296-67B1-4284-8083-90624E7774DD}.Release|Any CPU.Build.0 = Release|Any CPU
	EndGlobalSection
	GlobalSection(SolutionProperties) = preSolution
		HideSolutionNode = FALSE
	EndGlobalSection
	GlobalSection(ExtensibilityGlobals) = postSolution
		SolutionGuid = {02303F02-2A42-4923-9F3B-B21C0E903863}
	EndGlobalSection
EndGlobal
